lockfileVersion: '9.0'

settings:
  autoInstallPeers: true
  excludeLinksFromLockfile: false

importers:

  .:
    devDependencies:
      publint:
        specifier: ^0.3.18
        version: 0.3.18
      yaml:
        specifier: ^2.8.4
        version: 2.8.4

packages:

  '@publint/pack@0.1.4':
    resolution: {integrity: sha512-HDVTWq3H0uTXiU0eeSQntcVUTPP3GamzeXI41+x7uU9J65JgWQh3qWZHblR1i0npXfFtF+mxBiU2nJH8znxWnQ==}
    engines: {node: '>=18'}

  mri@1.2.0:
    resolution: {integrity: sha512-tzzskb3bG8LvYGFF/mDTpq3jpI6Q9wc3LEmBaghu+DdCssd1FakN7Bc0hVNmEyGq1bq3RgfkCb3cmQLpNPOroA==}
    engines: {node: '>=4'}

  package-manager-detector@1.6.0:
    resolution: {integrity: sha512-61A5ThoTiDG/C8s8UMZwSorAGwMJ0ERVGj2OjoW5pAalsNOg15+iQiPzrLJ4jhZ1HJzmC2PIHT2oEiH3R5fzNA==}

  picocolors@1.1.1:
    resolution: {integrity: sha512-xceH2snhtb5M9liqDsmEw56le376mTZkEX/jEb/RxNFyegNul7eNslCXP9FDj/Lcu0X8KEyMceP2ntpaHrDEVA==}

  publint@0.3.18:
    resolution: {integrity: sha512-JRJFeBTrfx4qLwEuGFPk+haJOJN97KnPuK01yj+4k/Wj5BgoOK5uNsivporiqBjk2JDaslg7qJOhGRnpltGeog==}
    engines: {node: '>=18'}
    hasBin: true

  sade@1.8.1:
    resolution: {integrity: sha512-xal3CZX1Xlo/k4ApwCFrHVACi9fBqJ7V+mwhBsuf/1IOKbBy098Fex+Wa/5QMubw09pSZ/u8EY8PWgevJsXp1A==}
    engines: {node: '>=6'}

  yaml@2.8.4:
    resolution: {integrity: sha512-ml/JPOj9fOQK8RNnWojA67GbZ0ApXAUlN2UQclwv2eVgTgn7O9gg9o7paZWKMp4g0H3nTLtS9LVzhkpOFIKzog==}
    engines: {node: '>= 14.6'}
    hasBin: true

snapshots:

  '@publint/pack@0.1.4': {}

  mri@1.2.0: {}

  package-manager-detector@1.6.0: {}

  picocolors@1.1.1: {}

  publint@0.3.18:
    dependencies:
      '@publint/pack': 0.1.4
      package-manager-detector: 1.6.0
      picocolors: 1.1.1
      sade: 1.8.1

  sade@1.8.1:
    dependencies:
      mri: 1.2.0

  yaml@2.8.4: {}
